
Microsoft Visual Studio Solution File, Format Version 12.00
# Visual Studio 14
VisualStudioVersion = 14.0.25420.1
MinimumVisualStudioVersion = 10.0.40219.1
Project("{FAE04EC0-301F-11D3-BF4B-00C04F79EFBC}") = "HomeHub", "HomeHub\HomeHub.csproj", "{628AFA8F-C05A-4A59-BFBD-2820EFA8BCA4}"
EndProject
Project("{FAE04EC0-301F-11D3-BF4B-00C04F79EFBC}") = "FountainJob", "FountainJob\FountainJob.csproj", "{60AAEF46-028E-4F99-B295-4A79EB9393DD}"
EndProject
Project("{FAE04EC0-301F-11D3-BF4B-00C04F79EFBC}") = "openhab.net.rest", "openhab.net.rest\openhab.net.rest.csproj", "{7B5DEB49-9069-4A69-ADF2-47171B4639F8}"
EndProject
Project("{FAE04EC0-301F-11D3-BF4B-00C04F79EFBC}") = "SensorBox", "SensorBox\SensorBox.csproj", "{BA1EFD85-4799-4DEA-BD66-779E4ED3D656}"
EndProject
Project("{FAE04EC0-301F-11D3-BF4B-00C04F79EFBC}") = "I2CLcd", "I2CLcd\I2CLcd.csproj", "{213D1EFE-04BC-4F62-91A3-D07889FE0657}"
EndProject
Global
	GlobalSection(SolutionConfigurationPlatforms) = preSolution
		Debug|Any CPU = Debug|Any CPU
		Debug|ARM = Debug|ARM
		Debug|x64 = Debug|x64
		Debug|x86 = Debug|x86
		Release|Any CPU = Release|Any CPU
		Release|ARM = Release|ARM
		Release|x64 = Release|x64
		Release|x86 = Release|x86
	EndGlobalSection
	GlobalSection(ProjectConfigurationPlatforms) = postSolution
		{628AFA8F-C05A-4A59-BFBD-2820EFA8BCA4}.Debug|Any CPU.ActiveCfg = Debug|x86
		{628AFA8F-C05A-4A59-BFBD-2820EFA8BCA4}.Debug|ARM.ActiveCfg = Debug|ARM
		{628AFA8F-C05A-4A59-BFBD-2820EFA8BCA4}.Debug|ARM.Build.0 = Debug|ARM
		{628AFA8F-C05A-4A59-BFBD-2820EFA8BCA4}.Debug|ARM.Deploy.0 = Debug|ARM
		{628AFA8F-C05A-4A59-BFBD-2820EFA8BCA4}.Debug|x64.ActiveCfg = Debug|x64
		{628AFA8F-C05A-4A59-BFBD-2820EFA8BCA4}.Debug|x64.Build.0 = Debug|x64
		{628AFA8F-C05A-4A59-BFBD-2820EFA8BCA4}.Debug|x64.Deploy.0 = Debug|x64
		{628AFA8F-C05A-4A59-BFBD-2820EFA8BCA4}.Debug|x86.ActiveCfg = Debug|x86
		{628AFA8F-C05A-4A59-BFBD-2820EFA8BCA4}.Debug|x86.Build.0 = Debug|x86
		{628AFA8F-C05A-4A59-BFBD-2820EFA8BCA4}.Debug|x86.Deploy.0 = Debug|x86
		{628AFA8F-C05A-4A59-BFBD-2820EFA8BCA4}.Release|Any CPU.ActiveCfg = Release|x86
		{628AFA8F-C05A-4A59-BFBD-2820EFA8BCA4}.Release|ARM.ActiveCfg = Release|ARM
		{628AFA8F-C05A-4A59-BFBD-2820EFA8BCA4}.Release|ARM.Build.0 = Release|ARM
		{628AFA8F-C05A-4A59-BFBD-2820EFA8BCA4}.Release|ARM.Deploy.0 = Release|ARM
		{628AFA8F-C05A-4A59-BFBD-2820EFA8BCA4}.Release|x64.ActiveCfg = Release|x64
		{628AFA8F-C05A-4A59-BFBD-2820EFA8BCA4}.Release|x64.Build.0 = Release|x64
		{628AFA8F-C05A-4A59-BFBD-2820EFA8BCA4}.Release|x64.Deploy.0 = Release|x64
		{628AFA8F-C05A-4A59-BFBD-2820EFA8BCA4}.Release|x86.ActiveCfg = Release|x86
		{628AFA8F-C05A-4A59-BFBD-2820EFA8BCA4}.Release|x86.Build.0 = Release|x86
		{628AFA8F-C05A-4A59-BFBD-2820EFA8BCA4}.Release|x86.Deploy.0 = Release|x86
		{60AAEF46-028E-4F99-B295-4A79EB9393DD}.Debug|Any CPU.ActiveCfg = Debug|x86
		{60AAEF46-028E-4F99-B295-4A79EB9393DD}.Debug|ARM.ActiveCfg = Debug|ARM
		{60AAEF46-028E-4F99-B295-4A79EB9393DD}.Debug|ARM.Build.0 = Debug|ARM
		{60AAEF46-028E-4F99-B295-4A79EB9393DD}.Debug|ARM.Deploy.0 = Debug|ARM
		{60AAEF46-028E-4F99-B295-4A79EB9393DD}.Debug|x64.ActiveCfg = Debug|x64
		{60AAEF46-028E-4F99-B295-4A79EB9393DD}.Debug|x64.Build.0 = Debug|x64
		{60AAEF46-028E-4F99-B295-4A79EB9393DD}.Debug|x64.Deploy.0 = Debug|x64
		{60AAEF46-028E-4F99-B295-4A79EB9393DD}.Debug|x86.ActiveCfg = Debug|x86
		{60AAEF46-028E-4F99-B295-4A79EB9393DD}.Debug|x86.Build.0 = Debug|x86
		{60AAEF46-028E-4F99-B295-4A79EB9393DD}.Debug|x86.Deploy.0 = Debug|x86
		{60AAEF46-028E-4F99-B295-4A79EB9393DD}.Release|Any CPU.ActiveCfg = Release|x86
		{60AAEF46-028E-4F99-B295-4A79EB9393DD}.Release|ARM.ActiveCfg = Release|ARM
		{60AAEF46-028E-4F99-B295-4A79EB9393DD}.Release|ARM.Build.0 = Release|ARM
		{60AAEF46-028E-4F99-B295-4A79EB9393DD}.Release|ARM.Deploy.0 = Release|ARM
		{60AAEF46-028E-4F99-B295-4A79EB9393DD}.Release|x64.ActiveCfg = Release|x64
		{60AAEF46-028E-4F99-B295-4A79EB9393DD}.Release|x64.Build.0 = Release|x64
		{60AAEF46-028E-4F99-B295-4A79EB9393DD}.Release|x64.Deploy.0 = Release|x64
		{60AAEF46-028E-4F99-B295-4A79EB9393DD}.Release|x86.ActiveCfg = Release|x86
		{60AAEF46-028E-4F99-B295-4A79EB9393DD}.Release|x86.Build.0 = Release|x86
		{60AAEF46-028E-4F99-B295-4A79EB9393DD}.Release|x86.Deploy.0 = Release|x86
		{7B5DEB49-9069-4A69-ADF2-47171B4639F8}.Debug|Any CPU.ActiveCfg = Debug|Any CPU
		{7B5DEB49-9069-4A69-ADF2-47171B4639F8}.Debug|Any CPU.Build.0 = Debug|Any CPU
		{7B5DEB49-9069-4A69-ADF2-47171B4639F8}.Debug|ARM.ActiveCfg = Debug|Any CPU
		{7B5DEB49-9069-4A69-ADF2-47171B4639F8}.Debug|ARM.Build.0 = Debug|Any CPU
		{7B5DEB49-9069-4A69-ADF2-47171B4639F8}.Debug|x64.ActiveCfg = Debug|Any CPU
		{7B5DEB49-9069-4A69-ADF2-47171B4639F8}.Debug|x64.Build.0 = Debug|Any CPU
		{7B5DEB49-9069-4A69-ADF2-47171B4639F8}.Debug|x86.ActiveCfg = Debug|Any CPU
		{7B5DEB49-9069-4A69-ADF2-47171B4639F8}.Debug|x86.Build.0 = Debug|Any CPU
		{7B5DEB49-9069-4A69-ADF2-47171B4639F8}.Release|Any CPU.ActiveCfg = Release|Any CPU
		{7B5DEB49-9069-4A69-ADF2-47171B4639F8}.Release|Any CPU.Build.0 = Release|Any CPU
		{7B5DEB49-9069-4A69-ADF2-47171B4639F8}.Release|ARM.ActiveCfg = Release|Any CPU
		{7B5DEB49-9069-4A69-ADF2-47171B4639F8}.Release|ARM.Build.0 = Release|Any CPU
		{7B5DEB49-9069-4A69-ADF2-47171B4639F8}.Release|x64.ActiveCfg = Release|Any CPU
		{7B5DEB49-9069-4A69-ADF2-47171B4639F8}.Release|x64.Build.0 = Release|Any CPU
		{7B5DEB49-9069-4A69-ADF2-47171B4639F8}.Release|x86.ActiveCfg = Release|Any CPU
		{7B5DEB49-9069-4A69-ADF2-47171B4639F8}.Release|x86.Build.0 = Release|Any CPU
		{BA1EFD85-4799-4DEA-BD66-779E4ED3D656}.Debug|Any CPU.ActiveCfg = Debug|x86
		{BA1EFD85-4799-4DEA-BD66-779E4ED3D656}.Debug|ARM.ActiveCfg = Debug|ARM
		{BA1EFD85-4799-4DEA-BD66-779E4ED3D656}.Debug|ARM.Build.0 = Debug|ARM
		{BA1EFD85-4799-4DEA-BD66-779E4ED3D656}.Debug|ARM.Deploy.0 = Debug|ARM
		{BA1EFD85-4799-4DEA-BD66-779E4ED3D656}.Debug|x64.ActiveCfg = Debug|x64
		{BA1EFD85-4799-4DEA-BD66-779E4ED3D656}.Debug|x64.Build.0 = Debug|x64
		{BA1EFD85-4799-4DEA-BD66-779E4ED3D656}.Debug|x64.Deploy.0 = Debug|x64
		{BA1EFD85-4799-4DEA-BD66-779E4ED3D656}.Debug|x86.ActiveCfg = Debug|x86
		{BA1EFD85-4799-4DEA-BD66-779E4ED3D656}.Debug|x86.Build.0 = Debug|x86
		{BA1EFD85-4799-4DEA-BD66-779E4ED3D656}.Debug|x86.Deploy.0 = Debug|x86
		{BA1EFD85-4799-4DEA-BD66-779E4ED3D656}.Release|Any CPU.ActiveCfg = Release|x86
		{BA1EFD85-4799-4DEA-BD66-779E4ED3D656}.Release|ARM.ActiveCfg = Release|ARM
		{BA1EFD85-4799-4DEA-BD66-779E4ED3D656}.Release|ARM.Build.0 = Release|ARM
		{BA1EFD85-4799-4DEA-BD66-779E4ED3D656}.Release|ARM.Deploy.0 = Release|ARM
		{BA1EFD85-4799-4DEA-BD66-779E4ED3D656}.Release|x64.ActiveCfg = Release|x64
		{BA1EFD85-4799-4DEA-BD66-779E4ED3D656}.Release|x64.Build.0 = Release|x64
		{BA1EFD85-4799-4DEA-BD66-779E4ED3D656}.Release|x64.Deploy.0 = Release|x64
		{BA1EFD85-4799-4DEA-BD66-779E4ED3D656}.Release|x86.ActiveCfg = Release|x86
		{BA1EFD85-4799-4DEA-BD66-779E4ED3D656}.Release|x86.Build.0 = Release|x86
		{BA1EFD85-4799-4DEA-BD66-779E4ED3D656}.Release|x86.Deploy.0 = Release|x86
		{213D1EFE-04BC-4F62-91A3-D07889FE0657}.Debug|Any CPU.ActiveCfg = Debug|x86
		{213D1EFE-04BC-4F62-91A3-D07889FE0657}.Debug|ARM.ActiveCfg = Debug|ARM
		{213D1EFE-04BC-4F62-91A3-D07889FE0657}.Debug|ARM.Build.0 = Debug|ARM
		{213D1EFE-04BC-4F62-91A3-D07889FE0657}.Debug|ARM.Deploy.0 = Debug|ARM
		{213D1EFE-04BC-4F62-91A3-D07889FE0657}.Debug|x64.ActiveCfg = Debug|x64
		{213D1EFE-04BC-4F62-91A3-D07889FE0657}.Debug|x64.Build.0 = Debug|x64
		{213D1EFE-04BC-4F62-91A3-D07889FE0657}.Debug|x64.Deploy.0 = Debug|x64
		{213D1EFE-04BC-4F62-91A3-D07889FE0657}.Debug|x86.ActiveCfg = Debug|x86
		{213D1EFE-04BC-4F62-91A3-D07889FE0657}.Debug|x86.Build.0 = Debug|x86
		{213D1EFE-04BC-4F62-91A3-D07889FE0657}.Debug|x86.Deploy.0 = Debug|x86
		{213D1EFE-04BC-4F62-91A3-D07889FE0657}.Release|Any CPU.ActiveCfg = Release|x86
		{213D1EFE-04BC-4F62-91A3-D07889FE0657}.Release|ARM.ActiveCfg = Release|ARM
		{213D1EFE-04BC-4F62-91A3-D07889FE0657}.Release|ARM.Build.0 = Release|ARM
		{213D1EFE-04BC-4F62-91A3-D07889FE0657}.Release|ARM.Deploy.0 = Release|ARM
		{213D1EFE-04BC-4F62-91A3-D07889FE0657}.Release|x64.ActiveCfg = Release|x64
		{213D1EFE-04BC-4F62-91A3-D07889FE0657}.Release|x64.Build.0 = Release|x64
		{213D1EFE-04BC-4F62-91A3-D07889FE0657}.Release|x64.Deploy.0 = Release|x64
		{213D1EFE-04BC-4F62-91A3-D07889FE0657}.Release|x86.ActiveCfg = Release|x86
		{213D1EFE-04BC-4F62-91A3-D07889FE0657}.Release|x86.Build.0 = Release|x86
		{213D1EFE-04BC-4F62-91A3-D07889FE0657}.Release|x86.Deploy.0 = Release|x86
	EndGlobalSection
	GlobalSection(SolutionProperties) = preSolution
		HideSolutionNode = FALSE
	EndGlobalSection
EndGlobal
